// !$*UTF8*$!
{
	archiveVersion = 1;
	classes = {
	};
	objectVersion = 48;
	objects = {

/* Begin PBXBuildFile section */
		61088A6E1FA160CB006D2579 /* AppDelegate.swift in Sources */ = {isa = PBXBuildFile; fileRef = 61088A6D1FA160CB006D2579 /* AppDelegate.swift */; };
		61088A701FA160CB006D2579 /* art.scnassets in Resources */ = {isa = PBXBuildFile; fileRef = 61088A6F1FA160CB006D2579 /* art.scnassets */; };
		61088A721FA160CB006D2579 /* ViewController.swift in Sources */ = {isa = PBXBuildFile; fileRef = 61088A711FA160CB006D2579 /* ViewController.swift */; };
		61088A751FA160CB006D2579 /* Main.storyboard in Resources */ = {isa = PBXBuildFile; fileRef = 61088A731FA160CB006D2579 /* Main.storyboard */; };
		61088A771FA160CB006D2579 /* Assets.xcassets in Resources */ = {isa = PBXBuildFile; fileRef = 61088A761FA160CB006D2579 /* Assets.xcassets */; };
		61088A7A1FA160CB006D2579 /* LaunchScreen.storyboard in Resources */ = {isa = PBXBuildFile; fileRef = 61088A781FA160CB006D2579 /* LaunchScreen.storyboard */; };
		615A566D1FA6C55700ACFA97 /* GridPlane.swift in Sources */ = {isa = PBXBuildFile; fileRef = 615A566C1FA6C55700ACFA97 /* GridPlane.swift */; };
		615A566F1FA6C71400ACFA97 /* overlay_grid.png in Resources */ = {isa = PBXBuildFile; fileRef = 615A566E1FA6C71300ACFA97 /* overlay_grid.png */; };
/* End PBXBuildFile section */

/* Begin PBXFileReference section */
		61088A6A1FA160CB006D2579 /* MyFirstARApp.app */ = {isa = PBXFileReference; explicitFileType = wrapper.application; includeInIndex = 0; path = MyFirstARApp.app; sourceTree = BUILT_PRODUCTS_DIR; };
		61088A6D1FA160CB006D2579 /* AppDelegate.swift */ = {isa = PBXFileReference; lastKnownFileType = sourcecode.swift; path = AppDelegate.swift; sourceTree = "<group>"; };
		61088A6F1FA160CB006D2579 /* art.scnassets */ = {isa = PBXFileReference; lastKnownFileType = wrapper.scnassets; path = art.scnassets; sourceTree = "<group>"; };
		61088A711FA160CB006D2579 /* ViewController.swift */ = {isa = PBXFileReference; lastKnownFileType = sourcecode.swift; path = ViewController.swift; sourceTree = "<group>"; };
		61088A741FA160CB006D2579 /* Base */ = {isa = PBXFileReference; lastKnownFileType = file.storyboard; name = Base; path = Base.lproj/Main.storyboard; sourceTree = "<group>"; };
		61088A761FA160CB006D2579 /* Assets.xcassets */ = {isa = PBXFileReference; lastKnownFileType = folder.assetcatalog; path = Assets.xcassets; sourceTree = "<group>"; };
		61088A791FA160CB006D2579 /* Base */ = {isa = PBXFileReference; lastKnownFileType = file.storyboard; name = Base; path = Base.lproj/LaunchScreen.storyboard; sourceTree = "<group>"; };
		61088A7B1FA160CB006D2579 /* Info.plist */ = {isa = PBXFileReference; lastKnownFileType = text.plist.xml; path = Info.plist; sourceTree = "<group>"; };
		615A566C1FA6C55700ACFA97 /* GridPlane.swift */ = {isa = PBXFileReference; lastKnownFileType = sourcecode.swift; path = GridPlane.swift; sourceTree = "<group>"; };
		615A566E1FA6C71300ACFA97 /* overlay_grid.png */ = {isa = PBXFileReference; lastKnownFileType = image.png; path = overlay_grid.png; sourceTree = "<group>"; };
/* End PBXFileReference section */

/* Begin PBXFrameworksBuildPhase section */
		61088A671FA160CB006D2579 /* Frameworks */ = {
			isa = PBXFrameworksBuildPhase;
			buildActionMask = 2147483647;
			files = (
			);
			runOnlyForDeploymentPostprocessing = 0;
		};
/* End PBXFrameworksBuildPhase section */

/* Begin PBXGroup section */
		61088A611FA160CB006D2579 = {
			isa = PBXGroup;
			children = (
				61088A6C1FA160CB006D2579 /* MyFirstARApp */,
				61088A6B1FA160CB006D2579 /* Products */,
			);
			sourceTree = "<group>";
		};
		61088A6B1FA160CB006D2579 /* Products */ = {
			isa = PBXGroup;
			children = (
				61088A6A1FA160CB006D2579 /* MyFirstARApp.app */,
			);
			name = Products;
			sourceTree = "<group>";
		};
		61088A6C1FA160CB006D2579 /* MyFirstARApp */ = {
			isa = PBXGroup;
			children = (
				61088A6D1FA160CB006D2579 /* AppDelegate.swift */,
				61088A6F1FA160CB006D2579 /* art.scnassets */,
				61088A711FA160CB006D2579 /* ViewController.swift */,
				615A566C1FA6C55700ACFA97 /* GridPlane.swift */,
				615A566E1FA6C71300ACFA97 /* overlay_grid.png */,
				61088A731FA160CB006D2579 /* Main.storyboard */,
				61088A761FA160CB006D2579 /* Assets.xcassets */,
				61088A781FA160CB006D2579 /* LaunchScreen.storyboard */,
				61088A7B1FA160CB006D2579 /* Info.plist */,
			);
			path = MyFirstARApp;
			sourceTree = "<group>";
		};
/* End PBXGroup section */

/* Begin PBXNativeTarget section */
		61088A691FA160CB006D2579 /* MyFirstARApp */ = {
			isa = PBXNativeTarget;
			buildConfigurationList = 61088A7E1FA160CB006D2579 /* Build configuration list for PBXNativeTarget "MyFirstARApp" */;
			buildPhases = (
				61088A661FA160CB006D2579 /* Sources */,
				61088A671FA160CB006D2579 /* Frameworks */,
				61088A681FA160CB006D2579 /* Resources */,
			);
			buildRules = (
			);
			dependencies = (
			);
			name = MyFirstARApp;
			productName = MyFirstARApp;
			productReference = 61088A6A1FA160CB006D2579 /* MyFirstARApp.app */;
			productType = "com.apple.product-type.application";
		};
/* End PBXNativeTarget section */

/* Begin PBXProject section */
		61088A621FA160CB006D2579 /* Project object */ = {
			isa = PBXProject;
			attributes = {
				LastSwiftUpdateCheck = 0900;
				LastUpgradeCheck = 0900;
				ORGANIZATIONNAME = tomotaka.kato;
				TargetAttributes = {
					61088A691FA160CB006D2579 = {
						CreatedOnToolsVersion = 9.0.1;
						ProvisioningStyle = Automatic;
					};
				};
			};
			buildConfigurationList = 61088A651FA160CB006D2579 /* Build configuration list for PBXProject "MyFirstARApp" */;
			compatibilityVersion = "Xcode 8.0";
			developmentRegion = en;
			hasScannedForEncodings = 0;
			knownRegions = (
				en,
				Base,
			);
			mainGroup = 61088A611FA160CB006D2579;
			productRefGroup = 61088A6B1FA160CB006D2579 /* Products */;
			projectDirPath = "";
			projectRoot = "";
			targets = (
				61088A691FA160CB006D2579 /* MyFirstARApp */,
			);
		};
/* End PBXProject section */

/* Begin PBXResourcesBuildPhase section */
		61088A681FA160CB006D2579 /* Resources */ = {
			isa = PBXResourcesBuildPhase;
			buildActionMask = 2147483647;
			files = (
				61088A701FA160CB006D2579 /* art.scnassets in Resources */,
				615A566F1FA6C71400ACFA97 /* overlay_grid.png in Resources */,
				61088A7A1FA160CB006D2579 /* LaunchScreen.storyboard in Resources */,
				61088A771FA160CB006D2579 /* Assets.xcassets in Resources */,
				61088A751FA160CB006D2579 /* Main.storyboard in Resources */,
			);
			runOnlyForDeploymentPostprocessing = 0;
		};
/* End PBXResourcesBuildPhase section */

/* Begin PBXSourcesBuildPhase section */
		61088A661FA160CB006D2579 /* Sources */ = {
			isa = PBXSourcesBuildPhase;
			buildActionMask = 2147483647;
			files = (
				615A566D1FA6C55700ACFA97 /* GridPlane.swift in Sources */,
				61088A721FA160CB006D2579 /* ViewController.swift in Sources */,
				61088A6E1FA160CB006D2579 /* AppDelegate.swift in Sources */,
			);
			runOnlyForDeploymentPostprocessing = 0;
		};
/* End PBXSourcesBuildPhase section */

/* Begin PBXVariantGroup section */
		61088A731FA160CB006D2579 /* Main.storyboard */ = {
			isa = PBXVariantGroup;
			children = (
				61088A741FA160CB006D2579 /* Base */,
			);
			name = Main.storyboard;
			sourceTree = "<group>";
		};
		61088A781FA160CB006D2579 /* LaunchScreen.storyboard */ = {
			isa = PBXVariantGroup;
			children = (
				61088A791FA160CB006D2579 /* Base */,
			);
			name = LaunchScreen.storyboard;
			sourceTree = "<group>";
		};
/* End PBXVariantGroup section */

/* Begin XCBuildConfiguration section */
		61088A7C1FA160CB006D2579 /* Debug */ = {
			isa = XCBuildConfiguration;
			buildSettings = {
				ALWAYS_SEARCH_USER_PATHS = NO;
				CLANG_ANALYZER_NONNULL = YES;
				CLANG_ANALYZER_NUMBER_OBJECT_CONVERSION = YES_AGGRESSIVE;
				CLANG_CXX_LANGUAGE_STANDARD = "gnu++14";
				CLANG_CXX_LIBRARY = "libc++";
				CLANG_ENABLE_MODULES = YES;
				CLANG_ENABLE_OBJC_ARC = YES;
				CLANG_WARN_BLOCK_CAPTURE_AUTORELEASING = YES;
				CLANG_WARN_BOOL_CONVERSION = YES;
				CLANG_WARN_COMMA = YES;
				CLANG_WARN_CONSTANT_CONVERSION = YES;
				CLANG_WARN_DIRECT_OBJC_ISA_USAGE = YES_ERROR;
				CLANG_WARN_DOCUMENTATION_COMMENTS = YES;
				CLANG_WARN_EMPTY_BODY = YES;
				CLANG_WARN_ENUM_CONVERSION = YES;
				CLANG_WARN_INFINITE_RECURSION = YES;
				CLANG_WARN_INT_CONVERSION = YES;
				CLANG_WARN_NON_LITERAL_NULL_CONVERSION = YES;
				CLANG_WARN_OBJC_LITERAL_CONVERSION = YES;
				CLANG_WARN_OBJC_ROOT_CLASS = YES_ERROR;
				CLANG_WARN_RANGE_LOOP_ANALYSIS = YES;
				CLANG_WARN_STRICT_PROTOTYPES = YES;
				CLANG_WARN_SUSPICIOUS_MOVE = YES;
				CLANG_WARN_UNGUARDED_AVAILABILITY = YES_AGGRESSIVE;
				CLANG_WARN_UNREACHABLE_CODE = YES;
				CLANG_WARN__DUPLICATE_METHOD_MATCH = YES;
				CODE_SIGN_IDENTITY = "iPhone Developer";
				COPY_PHASE_STRIP = NO;
				DEBUG_INFORMATION_FORMAT = dwarf;
				ENABLE_STRICT_OBJC_MSGSEND = YES;
				ENABLE_TESTABILITY = YES;
				GCC_C_LANGUAGE_STANDARD = gnu11;
				GCC_DYNAMIC_NO_PIC = NO;
				GCC_NO_COMMON_BLOCKS = YES;
				GCC_OPTIMIZATION_LEVEL = 0;
				GCC_PREPROCESSOR_DEFINITIONS = (
					"DEBUG=1",
					"$(inherited)",
				);
				GCC_WARN_64_TO_32_BIT_CONVERSION = YES;
				GCC_WARN_ABOUT_RETURN_TYPE = YES_ERROR;
				GCC_WARN_UNDECLARED_SELECTOR = YES;
				GCC_WARN_UNINITIALIZED_AUTOS = YES_AGGRESSIVE;
				GCC_WARN_UNUSED_FUNCTION = YES;
				GCC_WARN_UNUSED_VARIABLE = YES;
				IPHONEOS_DEPLOYMENT_TARGET = 11.0;
				MTL_ENABLE_DEBUG_INFO = YES;
				ONLY_ACTIVE_ARCH = YES;
				SDKROOT = iphoneos;
				SWIFT_ACTIVE_COMPILATION_CONDITIONS = DEBUG;
				SWIFT_OPTIMIZATION_LEVEL = "-Onone";
			};
			name = Debug;
		};
		61088A7D1FA160CB006D2579 /* Release */ = {
			isa = XCBuildConfiguration;
			buildSettings = {
				ALWAYS_SEARCH_USER_PATHS = NO;
				CLANG_ANALYZER_NONNULL = YES;
				CLANG_ANALYZER_NUMBER_OBJECT_CONVERSION = YES_AGGRESSIVE;
				CLANG_CXX_LANGUAGE_STANDARD = "gnu++14";
				CLANG_CXX_LIBRARY = "libc++";
				CLANG_ENABLE_MODULES = YES;
				CLANG_ENABLE_OBJC_ARC = YES;
				CLANG_WARN_BLOCK_CAPTURE_AUTORELEASING = YES;
				CLANG_WARN_BOOL_CONVERSION = YES;
				CLANG_WARN_COMMA = YES;
				CLANG_WARN_CONSTANT_CONVERSION = YES;
				CLANG_WARN_DIRECT_OBJC_ISA_USAGE = YES_ERROR;
				CLANG_WARN_DOCUMENTATION_COMMENTS = YES;
				CLANG_WARN_EMPTY_BODY = YES;
				CLANG_WARN_ENUM_CONVERSION = YES;
				CLANG_WARN_INFINITE_RECURSION = YES;
				CLANG_WARN_INT_CONVERSION = YES;
				CLANG_WARN_NON_LITERAL_NULL_CONVERSION = YES;
				CLANG_WARN_OBJC_LITERAL_CONVERSION = YES;
				CLANG_WARN_OBJC_ROOT_CLASS = YES_ERROR;
				CLANG_WARN_RANGE_LOOP_ANALYSIS = YES;
				CLANG_WARN_STRICT_PROTOTYPES = YES;
				CLANG_WARN_SUSPICIOUS_MOVE = YES;
				CLANG_WARN_UNGUARDED_AVAILABILITY = YES_AGGRESSIVE;
				CLANG_WARN_UNREACHABLE_CODE = YES;
				CLANG_WARN__DUPLICATE_METHOD_MATCH = YES;
				CODE_SIGN_IDENTITY = "iPhone Developer";
				COPY_PHASE_STRIP = NO;
				DEBUG_INFORMATION_FORMAT = "dwarf-with-dsym";
				ENABLE_NS_ASSERTIONS = NO;
				ENABLE_STRICT_OBJC_MSGSEND = YES;
				GCC_C_LANGUAGE_STANDARD = gnu11;
				GCC_NO_COMMON_BLOCKS = YES;
				GCC_WARN_64_TO_32_BIT_CONVERSION = YES;
				GCC_WARN_ABOUT_RETURN_TYPE = YES_ERROR;
				GCC_WARN_UNDECLARED_SELECTOR = YES;
				GCC_WARN_UNINITIALIZED_AUTOS = YES_AGGRESSIVE;
				GCC_WARN_UNUSED_FUNCTION = YES;
				GCC_WARN_UNUSED_VARIABLE = YES;
				IPHONEOS_DEPLOYMENT_TARGET = 11.0;
				MTL_ENABLE_DEBUG_INFO = NO;
				SDKROOT = iphoneos;
				SWIFT_OPTIMIZATION_LEVEL = "-Owholemodule";
				VALIDATE_PRODUCT = YES;
			};
			name = Release;
		};
		61088A7F1FA160CB006D2579 /* Debug */ = {
			isa = XCBuildConfiguration;
			buildSettings = {
				ASSETCATALOG_COMPILER_APPICON_NAME = AppIcon;
				CODE_SIGN_STYLE = Automatic;
				DEVELOPMENT_TEAM = K2LCGLW7X7;
				INFOPLIST_FILE = MyFirstARApp/Info.plist;
				LD_RUNPATH_SEARCH_PATHS = "$(inherited) @executable_path/Frameworks";
				PRODUCT_BUNDLE_IDENTIFIER = jp.brosk.MyFirstARApp;
				PRODUCT_NAME = "$(TARGET_NAME)";
				SWIFT_VERSION = 4.0;
				TARGETED_DEVICE_FAMILY = "1,2";
			};
			name = Debug;
		};
		61088A801FA160CB006D2579 /* Release */ = {
			isa = XCBuildConfiguration;
			buildSettings = {
				ASSETCATALOG_COMPILER_APPICON_NAME = AppIcon;
				CODE_SIGN_STYLE = Automatic;
				DEVELOPMENT_TEAM = K2LCGLW7X7;
				INFOPLIST_FILE = MyFirstARApp/Info.plist;
				LD_RUNPATH_SEARCH_PATHS = "$(inherited) @executable_path/Frameworks";
				PRODUCT_BUNDLE_IDENTIFIER = jp.brosk.MyFirstARApp;
				PRODUCT_NAME = "$(TARGET_NAME)";
				SWIFT_VERSION = 4.0;
				TARGETED_DEVICE_FAMILY = "1,2";
			};
			name = Release;
		};
/* End XCBuildConfiguration section */

/* Begin XCConfigurationList section */
		61088A651FA160CB006D2579 /* Build configuration list for PBXProject "MyFirstARApp" */ = {
			isa = XCConfigurationList;
			buildConfigurations = (
				61088A7C1FA160CB006D2579 /* Debug */,
				61088A7D1FA160CB006D2579 /* Release */,
			);
			defaultConfigurationIsVisible = 0;
			defaultConfigurationName = Release;
		};
		61088A7E1FA160CB006D2579 /* Build configuration list for PBXNativeTarget "MyFirstARApp" */ = {
			isa = XCConfigurationList;
			buildConfigurations = (
				61088A7F1FA160CB006D2579 /* Debug */,
				61088A801FA160CB006D2579 /* Release */,
			);
			defaultConfigurationIsVisible = 0;
			defaultConfigurationName = Release;
		};
/* End XCConfigurationList section */
	};
	rootObject = 61088A621FA160CB006D2579 /* Project object */;
}
