// !$*UTF8*$!
{
	archiveVersion = 1;
	classes = {
	};
	objectVersion = 48;
	objects = {

/* Begin PBXBuildFile section */
		61088ACE1FA17812006D2579 /* AppDelegate.swift in Sources */ = {isa = PBXBuildFile; fileRef = 61088ACD1FA17812006D2579 /* AppDelegate.swift */; };
		61088AD01FA17812006D2579 /* art.scnassets in Resources */ = {isa = PBXBuildFile; fileRef = 61088ACF1FA17812006D2579 /* art.scnassets */; };
		61088AD21FA17812006D2579 /* ViewController.swift in Sources */ = {isa = PBXBuildFile; fileRef = 61088AD11FA17812006D2579 /* ViewController.swift */; };
		61088AD51FA17812006D2579 /* Main.storyboard in Resources */ = {isa = PBXBuildFile; fileRef = 61088AD31FA17812006D2579 /* Main.storyboard */; };
		61088AD71FA17812006D2579 /* Assets.xcassets in Resources */ = {isa = PBXBuildFile; fileRef = 61088AD61FA17812006D2579 /* Assets.xcassets */; };
		61088ADA1FA17812006D2579 /* LaunchScreen.storyboard in Resources */ = {isa = PBXBuildFile; fileRef = 61088AD81FA17812006D2579 /* LaunchScreen.storyboard */; };
		61088AE61FA18855006D2579 /* brick.jpg in Resources */ = {isa = PBXBuildFile; fileRef = 61088AE51FA18855006D2579 /* brick.jpg */; };
		61088AE81FA1885E006D2579 /* earthmap.jpeg in Resources */ = {isa = PBXBuildFile; fileRef = 61088AE71FA1885E006D2579 /* earthmap.jpeg */; };
/* End PBXBuildFile section */

/* Begin PBXFileReference section */
		61088ACA1FA17812006D2579 /* MultiObjectAR.app */ = {isa = PBXFileReference; explicitFileType = wrapper.application; includeInIndex = 0; path = MultiObjectAR.app; sourceTree = BUILT_PRODUCTS_DIR; };
		61088ACD1FA17812006D2579 /* AppDelegate.swift */ = {isa = PBXFileReference; lastKnownFileType = sourcecode.swift; path = AppDelegate.swift; sourceTree = "<group>"; };
		61088ACF1FA17812006D2579 /* art.scnassets */ = {isa = PBXFileReference; lastKnownFileType = wrapper.scnassets; path = art.scnassets; sourceTree = "<group>"; };
		61088AD11FA17812006D2579 /* ViewController.swift */ = {isa = PBXFileReference; lastKnownFileType = sourcecode.swift; path = ViewController.swift; sourceTree = "<group>"; };
		61088AD41FA17812006D2579 /* Base */ = {isa = PBXFileReference; lastKnownFileType = file.storyboard; name = Base; path = Base.lproj/Main.storyboard; sourceTree = "<group>"; };
		61088AD61FA17812006D2579 /* Assets.xcassets */ = {isa = PBXFileReference; lastKnownFileType = folder.assetcatalog; path = Assets.xcassets; sourceTree = "<group>"; };
		61088AD91FA17812006D2579 /* Base */ = {isa = PBXFileReference; lastKnownFileType = file.storyboard; name = Base; path = Base.lproj/LaunchScreen.storyboard; sourceTree = "<group>"; };
		61088ADB1FA17812006D2579 /* Info.plist */ = {isa = PBXFileReference; lastKnownFileType = text.plist.xml; path = Info.plist; sourceTree = "<group>"; };
		61088AE51FA18855006D2579 /* brick.jpg */ = {isa = PBXFileReference; lastKnownFileType = image.jpeg; path = brick.jpg; sourceTree = "<group>"; };
		61088AE71FA1885E006D2579 /* earthmap.jpeg */ = {isa = PBXFileReference; lastKnownFileType = image.jpeg; path = earthmap.jpeg; sourceTree = "<group>"; };
/* End PBXFileReference section */

/* Begin PBXFrameworksBuildPhase section */
		61088AC71FA17812006D2579 /* Frameworks */ = {
			isa = PBXFrameworksBuildPhase;
			buildActionMask = 2147483647;
			files = (
			);
			runOnlyForDeploymentPostprocessing = 0;
		};
/* End PBXFrameworksBuildPhase section */

/* Begin PBXGroup section */
		61088AC11FA17812006D2579 = {
			isa = PBXGroup;
			children = (
				61088ACC1FA17812006D2579 /* MultiObjectAR */,
				61088ACB1FA17812006D2579 /* Products */,
			);
			sourceTree = "<group>";
		};
		61088ACB1FA17812006D2579 /* Products */ = {
			isa = PBXGroup;
			children = (
				61088ACA1FA17812006D2579 /* MultiObjectAR.app */,
			);
			name = Products;
			sourceTree = "<group>";
		};
		61088ACC1FA17812006D2579 /* MultiObjectAR */ = {
			isa = PBXGroup;
			children = (
				61088AE51FA18855006D2579 /* brick.jpg */,
				61088AE71FA1885E006D2579 /* earthmap.jpeg */,
				61088ACD1FA17812006D2579 /* AppDelegate.swift */,
				61088ACF1FA17812006D2579 /* art.scnassets */,
				61088AD11FA17812006D2579 /* ViewController.swift */,
				61088AD31FA17812006D2579 /* Main.storyboard */,
				61088AD61FA17812006D2579 /* Assets.xcassets */,
				61088AD81FA17812006D2579 /* LaunchScreen.storyboard */,
				61088ADB1FA17812006D2579 /* Info.plist */,
			);
			path = MultiObjectAR;
			sourceTree = "<group>";
		};
/* End PBXGroup section */

/* Begin PBXNativeTarget section */
		61088AC91FA17812006D2579 /* MultiObjectAR */ = {
			isa = PBXNativeTarget;
			buildConfigurationList = 61088ADE1FA17812006D2579 /* Build configuration list for PBXNativeTarget "MultiObjectAR" */;
			buildPhases = (
				61088AC61FA17812006D2579 /* Sources */,
				61088AC71FA17812006D2579 /* Frameworks */,
				61088AC81FA17812006D2579 /* Resources */,
			);
			buildRules = (
			);
			dependencies = (
			);
			name = MultiObjectAR;
			productName = MultiObjectAR;
			productReference = 61088ACA1FA17812006D2579 /* MultiObjectAR.app */;
			productType = "com.apple.product-type.application";
		};
/* End PBXNativeTarget section */

/* Begin PBXProject section */
		61088AC21FA17812006D2579 /* Project object */ = {
			isa = PBXProject;
			attributes = {
				LastSwiftUpdateCheck = 0900;
				LastUpgradeCheck = 0900;
				ORGANIZATIONNAME = tomotaka.kato;
				TargetAttributes = {
					61088AC91FA17812006D2579 = {
						CreatedOnToolsVersion = 9.0.1;
						ProvisioningStyle = Automatic;
					};
				};
			};
			buildConfigurationList = 61088AC51FA17812006D2579 /* Build configuration list for PBXProject "MultiObjectAR" */;
			compatibilityVersion = "Xcode 8.0";
			developmentRegion = en;
			hasScannedForEncodings = 0;
			knownRegions = (
				en,
				Base,
			);
			mainGroup = 61088AC11FA17812006D2579;
			productRefGroup = 61088ACB1FA17812006D2579 /* Products */;
			projectDirPath = "";
			projectRoot = "";
			targets = (
				61088AC91FA17812006D2579 /* MultiObjectAR */,
			);
		};
/* End PBXProject section */

/* Begin PBXResourcesBuildPhase section */
		61088AC81FA17812006D2579 /* Resources */ = {
			isa = PBXResourcesBuildPhase;
			buildActionMask = 2147483647;
			files = (
				61088AD01FA17812006D2579 /* art.scnassets in Resources */,
				61088ADA1FA17812006D2579 /* LaunchScreen.storyboard in Resources */,
				61088AD71FA17812006D2579 /* Assets.xcassets in Resources */,
				61088AE81FA1885E006D2579 /* earthmap.jpeg in Resources */,
				61088AD51FA17812006D2579 /* Main.storyboard in Resources */,
				61088AE61FA18855006D2579 /* brick.jpg in Resources */,
			);
			runOnlyForDeploymentPostprocessing = 0;
		};
/* End PBXResourcesBuildPhase section */

/* Begin PBXSourcesBuildPhase section */
		61088AC61FA17812006D2579 /* Sources */ = {
			isa = PBXSourcesBuildPhase;
			buildActionMask = 2147483647;
			files = (
				61088AD21FA17812006D2579 /* ViewController.swift in Sources */,
				61088ACE1FA17812006D2579 /* AppDelegate.swift in Sources */,
			);
			runOnlyForDeploymentPostprocessing = 0;
		};
/* End PBXSourcesBuildPhase section */

/* Begin PBXVariantGroup section */
		61088AD31FA17812006D2579 /* Main.storyboard */ = {
			isa = PBXVariantGroup;
			children = (
				61088AD41FA17812006D2579 /* Base */,
			);
			name = Main.storyboard;
			sourceTree = "<group>";
		};
		61088AD81FA17812006D2579 /* LaunchScreen.storyboard */ = {
			isa = PBXVariantGroup;
			children = (
				61088AD91FA17812006D2579 /* Base */,
			);
			name = LaunchScreen.storyboard;
			sourceTree = "<group>";
		};
/* End PBXVariantGroup section */

/* Begin XCBuildConfiguration section */
		61088ADC1FA17812006D2579 /* Debug */ = {
			isa = XCBuildConfiguration;
			buildSettings = {
				ALWAYS_SEARCH_USER_PATHS = NO;
				CLANG_ANALYZER_NONNULL = YES;
				CLANG_ANALYZER_NUMBER_OBJECT_CONVERSION = YES_AGGRESSIVE;
				CLANG_CXX_LANGUAGE_STANDARD = "gnu++14";
				CLANG_CXX_LIBRARY = "libc++";
				CLANG_ENABLE_MODULES = YES;
				CLANG_ENABLE_OBJC_ARC = YES;
				CLANG_WARN_BLOCK_CAPTURE_AUTORELEASING = YES;
				CLANG_WARN_BOOL_CONVERSION = YES;
				CLANG_WARN_COMMA = YES;
				CLANG_WARN_CONSTANT_CONVERSION = YES;
				CLANG_WARN_DIRECT_OBJC_ISA_USAGE = YES_ERROR;
				CLANG_WARN_DOCUMENTATION_COMMENTS = YES;
				CLANG_WARN_EMPTY_BODY = YES;
				CLANG_WARN_ENUM_CONVERSION = YES;
				CLANG_WARN_INFINITE_RECURSION = YES;
				CLANG_WARN_INT_CONVERSION = YES;
				CLANG_WARN_NON_LITERAL_NULL_CONVERSION = YES;
				CLANG_WARN_OBJC_LITERAL_CONVERSION = YES;
				CLANG_WARN_OBJC_ROOT_CLASS = YES_ERROR;
				CLANG_WARN_RANGE_LOOP_ANALYSIS = YES;
				CLANG_WARN_STRICT_PROTOTYPES = YES;
				CLANG_WARN_SUSPICIOUS_MOVE = YES;
				CLANG_WARN_UNGUARDED_AVAILABILITY = YES_AGGRESSIVE;
				CLANG_WARN_UNREACHABLE_CODE = YES;
				CLANG_WARN__DUPLICATE_METHOD_MATCH = YES;
				CODE_SIGN_IDENTITY = "iPhone Developer";
				COPY_PHASE_STRIP = NO;
				DEBUG_INFORMATION_FORMAT = dwarf;
				ENABLE_STRICT_OBJC_MSGSEND = YES;
				ENABLE_TESTABILITY = YES;
				GCC_C_LANGUAGE_STANDARD = gnu11;
				GCC_DYNAMIC_NO_PIC = NO;
				GCC_NO_COMMON_BLOCKS = YES;
				GCC_OPTIMIZATION_LEVEL = 0;
				GCC_PREPROCESSOR_DEFINITIONS = (
					"DEBUG=1",
					"$(inherited)",
				);
				GCC_WARN_64_TO_32_BIT_CONVERSION = YES;
				GCC_WARN_ABOUT_RETURN_TYPE = YES_ERROR;
				GCC_WARN_UNDECLARED_SELECTOR = YES;
				GCC_WARN_UNINITIALIZED_AUTOS = YES_AGGRESSIVE;
				GCC_WARN_UNUSED_FUNCTION = YES;
				GCC_WARN_UNUSED_VARIABLE = YES;
				IPHONEOS_DEPLOYMENT_TARGET = 11.0;
				MTL_ENABLE_DEBUG_INFO = YES;
				ONLY_ACTIVE_ARCH = YES;
				SDKROOT = iphoneos;
				SWIFT_ACTIVE_COMPILATION_CONDITIONS = DEBUG;
				SWIFT_OPTIMIZATION_LEVEL = "-Onone";
			};
			name = Debug;
		};
		61088ADD1FA17812006D2579 /* Release */ = {
			isa = XCBuildConfiguration;
			buildSettings = {
				ALWAYS_SEARCH_USER_PATHS = NO;
				CLANG_ANALYZER_NONNULL = YES;
				CLANG_ANALYZER_NUMBER_OBJECT_CONVERSION = YES_AGGRESSIVE;
				CLANG_CXX_LANGUAGE_STANDARD = "gnu++14";
				CLANG_CXX_LIBRARY = "libc++";
				CLANG_ENABLE_MODULES = YES;
				CLANG_ENABLE_OBJC_ARC = YES;
				CLANG_WARN_BLOCK_CAPTURE_AUTORELEASING = YES;
				CLANG_WARN_BOOL_CONVERSION = YES;
				CLANG_WARN_COMMA = YES;
				CLANG_WARN_CONSTANT_CONVERSION = YES;
				CLANG_WARN_DIRECT_OBJC_ISA_USAGE = YES_ERROR;
				CLANG_WARN_DOCUMENTATION_COMMENTS = YES;
				CLANG_WARN_EMPTY_BODY = YES;
				CLANG_WARN_ENUM_CONVERSION = YES;
				CLANG_WARN_INFINITE_RECURSION = YES;
				CLANG_WARN_INT_CONVERSION = YES;
				CLANG_WARN_NON_LITERAL_NULL_CONVERSION = YES;
				CLANG_WARN_OBJC_LITERAL_CONVERSION = YES;
				CLANG_WARN_OBJC_ROOT_CLASS = YES_ERROR;
				CLANG_WARN_RANGE_LOOP_ANALYSIS = YES;
				CLANG_WARN_STRICT_PROTOTYPES = YES;
				CLANG_WARN_SUSPICIOUS_MOVE = YES;
				CLANG_WARN_UNGUARDED_AVAILABILITY = YES_AGGRESSIVE;
				CLANG_WARN_UNREACHABLE_CODE = YES;
				CLANG_WARN__DUPLICATE_METHOD_MATCH = YES;
				CODE_SIGN_IDENTITY = "iPhone Developer";
				COPY_PHASE_STRIP = NO;
				DEBUG_INFORMATION_FORMAT = "dwarf-with-dsym";
				ENABLE_NS_ASSERTIONS = NO;
				ENABLE_STRICT_OBJC_MSGSEND = YES;
				GCC_C_LANGUAGE_STANDARD = gnu11;
				GCC_NO_COMMON_BLOCKS = YES;
				GCC_WARN_64_TO_32_BIT_CONVERSION = YES;
				GCC_WARN_ABOUT_RETURN_TYPE = YES_ERROR;
				GCC_WARN_UNDECLARED_SELECTOR = YES;
				GCC_WARN_UNINITIALIZED_AUTOS = YES_AGGRESSIVE;
				GCC_WARN_UNUSED_FUNCTION = YES;
				GCC_WARN_UNUSED_VARIABLE = YES;
				IPHONEOS_DEPLOYMENT_TARGET = 11.0;
				MTL_ENABLE_DEBUG_INFO = NO;
				SDKROOT = iphoneos;
				SWIFT_OPTIMIZATION_LEVEL = "-Owholemodule";
				VALIDATE_PRODUCT = YES;
			};
			name = Release;
		};
		61088ADF1FA17812006D2579 /* Debug */ = {
			isa = XCBuildConfiguration;
			buildSettings = {
				ASSETCATALOG_COMPILER_APPICON_NAME = AppIcon;
				CODE_SIGN_STYLE = Automatic;
				DEVELOPMENT_TEAM = K2LCGLW7X7;
				INFOPLIST_FILE = MultiObjectAR/Info.plist;
				LD_RUNPATH_SEARCH_PATHS = "$(inherited) @executable_path/Frameworks";
				PRODUCT_BUNDLE_IDENTIFIER = jp.brosk.MultiObjectAR;
				PRODUCT_NAME = "$(TARGET_NAME)";
				SWIFT_VERSION = 4.0;
				TARGETED_DEVICE_FAMILY = "1,2";
			};
			name = Debug;
		};
		61088AE01FA17812006D2579 /* Release */ = {
			isa = XCBuildConfiguration;
			buildSettings = {
				ASSETCATALOG_COMPILER_APPICON_NAME = AppIcon;
				CODE_SIGN_STYLE = Automatic;
				DEVELOPMENT_TEAM = K2LCGLW7X7;
				INFOPLIST_FILE = MultiObjectAR/Info.plist;
				LD_RUNPATH_SEARCH_PATHS = "$(inherited) @executable_path/Frameworks";
				PRODUCT_BUNDLE_IDENTIFIER = jp.brosk.MultiObjectAR;
				PRODUCT_NAME = "$(TARGET_NAME)";
				SWIFT_VERSION = 4.0;
				TARGETED_DEVICE_FAMILY = "1,2";
			};
			name = Release;
		};
/* End XCBuildConfiguration section */

/* Begin XCConfigurationList section */
		61088AC51FA17812006D2579 /* Build configuration list for PBXProject "MultiObjectAR" */ = {
			isa = XCConfigurationList;
			buildConfigurations = (
				61088ADC1FA17812006D2579 /* Debug */,
				61088ADD1FA17812006D2579 /* Release */,
			);
			defaultConfigurationIsVisible = 0;
			defaultConfigurationName = Release;
		};
		61088ADE1FA17812006D2579 /* Build configuration list for PBXNativeTarget "MultiObjectAR" */ = {
			isa = XCConfigurationList;
			buildConfigurations = (
				61088ADF1FA17812006D2579 /* Debug */,
				61088AE01FA17812006D2579 /* Release */,
			);
			defaultConfigurationIsVisible = 0;
			defaultConfigurationName = Release;
		};
/* End XCConfigurationList section */
	};
	rootObject = 61088AC21FA17812006D2579 /* Project object */;
}
