// !$*UTF8*$!
{
	archiveVersion = 1;
	classes = {
	};
	objectVersion = 48;
	objects = {

/* Begin PBXBuildFile section */
		615A56591FA6ADFD00ACFA97 /* AppDelegate.swift in Sources */ = {isa = PBXBuildFile; fileRef = 615A56581FA6ADFD00ACFA97 /* AppDelegate.swift */; };
		615A565B1FA6ADFD00ACFA97 /* art.scnassets in Resources */ = {isa = PBXBuildFile; fileRef = 615A565A1FA6ADFD00ACFA97 /* art.scnassets */; };
		615A565D1FA6ADFD00ACFA97 /* ViewController.swift in Sources */ = {isa = PBXBuildFile; fileRef = 615A565C1FA6ADFD00ACFA97 /* ViewController.swift */; };
		615A56601FA6ADFD00ACFA97 /* Main.storyboard in Resources */ = {isa = PBXBuildFile; fileRef = 615A565E1FA6ADFD00ACFA97 /* Main.storyboard */; };
		615A56621FA6ADFD00ACFA97 /* Assets.xcassets in Resources */ = {isa = PBXBuildFile; fileRef = 615A56611FA6ADFD00ACFA97 /* Assets.xcassets */; };
		615A56651FA6ADFD00ACFA97 /* LaunchScreen.storyboard in Resources */ = {isa = PBXBuildFile; fileRef = 615A56631FA6ADFD00ACFA97 /* LaunchScreen.storyboard */; };
/* End PBXBuildFile section */

/* Begin PBXFileReference section */
		615A56551FA6ADFD00ACFA97 /* foo.app */ = {isa = PBXFileReference; explicitFileType = wrapper.application; includeInIndex = 0; path = foo.app; sourceTree = BUILT_PRODUCTS_DIR; };
		615A56581FA6ADFD00ACFA97 /* AppDelegate.swift */ = {isa = PBXFileReference; lastKnownFileType = sourcecode.swift; path = AppDelegate.swift; sourceTree = "<group>"; };
		615A565A1FA6ADFD00ACFA97 /* art.scnassets */ = {isa = PBXFileReference; lastKnownFileType = wrapper.scnassets; path = art.scnassets; sourceTree = "<group>"; };
		615A565C1FA6ADFD00ACFA97 /* ViewController.swift */ = {isa = PBXFileReference; lastKnownFileType = sourcecode.swift; path = ViewController.swift; sourceTree = "<group>"; };
		615A565F1FA6ADFD00ACFA97 /* Base */ = {isa = PBXFileReference; lastKnownFileType = file.storyboard; name = Base; path = Base.lproj/Main.storyboard; sourceTree = "<group>"; };
		615A56611FA6ADFD00ACFA97 /* Assets.xcassets */ = {isa = PBXFileReference; lastKnownFileType = folder.assetcatalog; path = Assets.xcassets; sourceTree = "<group>"; };
		615A56641FA6ADFD00ACFA97 /* Base */ = {isa = PBXFileReference; lastKnownFileType = file.storyboard; name = Base; path = Base.lproj/LaunchScreen.storyboard; sourceTree = "<group>"; };
		615A56661FA6ADFD00ACFA97 /* Info.plist */ = {isa = PBXFileReference; lastKnownFileType = text.plist.xml; path = Info.plist; sourceTree = "<group>"; };
/* End PBXFileReference section */

/* Begin PBXFrameworksBuildPhase section */
		615A56521FA6ADFD00ACFA97 /* Frameworks */ = {
			isa = PBXFrameworksBuildPhase;
			buildActionMask = 2147483647;
			files = (
			);
			runOnlyForDeploymentPostprocessing = 0;
		};
/* End PBXFrameworksBuildPhase section */

/* Begin PBXGroup section */
		615A564C1FA6ADFD00ACFA97 = {
			isa = PBXGroup;
			children = (
				615A56571FA6ADFD00ACFA97 /* foo */,
				615A56561FA6ADFD00ACFA97 /* Products */,
			);
			sourceTree = "<group>";
		};
		615A56561FA6ADFD00ACFA97 /* Products */ = {
			isa = PBXGroup;
			children = (
				615A56551FA6ADFD00ACFA97 /* foo.app */,
			);
			name = Products;
			sourceTree = "<group>";
		};
		615A56571FA6ADFD00ACFA97 /* foo */ = {
			isa = PBXGroup;
			children = (
				615A56581FA6ADFD00ACFA97 /* AppDelegate.swift */,
				615A565A1FA6ADFD00ACFA97 /* art.scnassets */,
				615A565C1FA6ADFD00ACFA97 /* ViewController.swift */,
				615A565E1FA6ADFD00ACFA97 /* Main.storyboard */,
				615A56611FA6ADFD00ACFA97 /* Assets.xcassets */,
				615A56631FA6ADFD00ACFA97 /* LaunchScreen.storyboard */,
				615A56661FA6ADFD00ACFA97 /* Info.plist */,
			);
			path = foo;
			sourceTree = "<group>";
		};
/* End PBXGroup section */

/* Begin PBXNativeTarget section */
		615A56541FA6ADFD00ACFA97 /* foo */ = {
			isa = PBXNativeTarget;
			buildConfigurationList = 615A56691FA6ADFD00ACFA97 /* Build configuration list for PBXNativeTarget "foo" */;
			buildPhases = (
				615A56511FA6ADFD00ACFA97 /* Sources */,
				615A56521FA6ADFD00ACFA97 /* Frameworks */,
				615A56531FA6ADFD00ACFA97 /* Resources */,
			);
			buildRules = (
			);
			dependencies = (
			);
			name = foo;
			productName = foo;
			productReference = 615A56551FA6ADFD00ACFA97 /* foo.app */;
			productType = "com.apple.product-type.application";
		};
/* End PBXNativeTarget section */

/* Begin PBXProject section */
		615A564D1FA6ADFD00ACFA97 /* Project object */ = {
			isa = PBXProject;
			attributes = {
				LastSwiftUpdateCheck = 0900;
				LastUpgradeCheck = 0900;
				ORGANIZATIONNAME = tomotaka.kato;
				TargetAttributes = {
					615A56541FA6ADFD00ACFA97 = {
						CreatedOnToolsVersion = 9.0.1;
						ProvisioningStyle = Automatic;
					};
				};
			};
			buildConfigurationList = 615A56501FA6ADFD00ACFA97 /* Build configuration list for PBXProject "foo" */;
			compatibilityVersion = "Xcode 8.0";
			developmentRegion = en;
			hasScannedForEncodings = 0;
			knownRegions = (
				en,
				Base,
			);
			mainGroup = 615A564C1FA6ADFD00ACFA97;
			productRefGroup = 615A56561FA6ADFD00ACFA97 /* Products */;
			projectDirPath = "";
			projectRoot = "";
			targets = (
				615A56541FA6ADFD00ACFA97 /* foo */,
			);
		};
/* End PBXProject section */

/* Begin PBXResourcesBuildPhase section */
		615A56531FA6ADFD00ACFA97 /* Resources */ = {
			isa = PBXResourcesBuildPhase;
			buildActionMask = 2147483647;
			files = (
				615A565B1FA6ADFD00ACFA97 /* art.scnassets in Resources */,
				615A56651FA6ADFD00ACFA97 /* LaunchScreen.storyboard in Resources */,
				615A56621FA6ADFD00ACFA97 /* Assets.xcassets in Resources */,
				615A56601FA6ADFD00ACFA97 /* Main.storyboard in Resources */,
			);
			runOnlyForDeploymentPostprocessing = 0;
		};
/* End PBXResourcesBuildPhase section */

/* Begin PBXSourcesBuildPhase section */
		615A56511FA6ADFD00ACFA97 /* Sources */ = {
			isa = PBXSourcesBuildPhase;
			buildActionMask = 2147483647;
			files = (
				615A565D1FA6ADFD00ACFA97 /* ViewController.swift in Sources */,
				615A56591FA6ADFD00ACFA97 /* AppDelegate.swift in Sources */,
			);
			runOnlyForDeploymentPostprocessing = 0;
		};
/* End PBXSourcesBuildPhase section */

/* Begin PBXVariantGroup section */
		615A565E1FA6ADFD00ACFA97 /* Main.storyboard */ = {
			isa = PBXVariantGroup;
			children = (
				615A565F1FA6ADFD00ACFA97 /* Base */,
			);
			name = Main.storyboard;
			sourceTree = "<group>";
		};
		615A56631FA6ADFD00ACFA97 /* LaunchScreen.storyboard */ = {
			isa = PBXVariantGroup;
			children = (
				615A56641FA6ADFD00ACFA97 /* Base */,
			);
			name = LaunchScreen.storyboard;
			sourceTree = "<group>";
		};
/* End PBXVariantGroup section */

/* Begin XCBuildConfiguration section */
		615A56671FA6ADFD00ACFA97 /* Debug */ = {
			isa = XCBuildConfiguration;
			buildSettings = {
				ALWAYS_SEARCH_USER_PATHS = NO;
				CLANG_ANALYZER_NONNULL = YES;
				CLANG_ANALYZER_NUMBER_OBJECT_CONVERSION = YES_AGGRESSIVE;
				CLANG_CXX_LANGUAGE_STANDARD = "gnu++14";
				CLANG_CXX_LIBRARY = "libc++";
				CLANG_ENABLE_MODULES = YES;
				CLANG_ENABLE_OBJC_ARC = YES;
				CLANG_WARN_BLOCK_CAPTURE_AUTORELEASING = YES;
				CLANG_WARN_BOOL_CONVERSION = YES;
				CLANG_WARN_COMMA = YES;
				CLANG_WARN_CONSTANT_CONVERSION = YES;
				CLANG_WARN_DIRECT_OBJC_ISA_USAGE = YES_ERROR;
				CLANG_WARN_DOCUMENTATION_COMMENTS = YES;
				CLANG_WARN_EMPTY_BODY = YES;
				CLANG_WARN_ENUM_CONVERSION = YES;
				CLANG_WARN_INFINITE_RECURSION = YES;
				CLANG_WARN_INT_CONVERSION = YES;
				CLANG_WARN_NON_LITERAL_NULL_CONVERSION = YES;
				CLANG_WARN_OBJC_LITERAL_CONVERSION = YES;
				CLANG_WARN_OBJC_ROOT_CLASS = YES_ERROR;
				CLANG_WARN_RANGE_LOOP_ANALYSIS = YES;
				CLANG_WARN_STRICT_PROTOTYPES = YES;
				CLANG_WARN_SUSPICIOUS_MOVE = YES;
				CLANG_WARN_UNGUARDED_AVAILABILITY = YES_AGGRESSIVE;
				CLANG_WARN_UNREACHABLE_CODE = YES;
				CLANG_WARN__DUPLICATE_METHOD_MATCH = YES;
				CODE_SIGN_IDENTITY = "iPhone Developer";
				COPY_PHASE_STRIP = NO;
				DEBUG_INFORMATION_FORMAT = dwarf;
				ENABLE_STRICT_OBJC_MSGSEND = YES;
				ENABLE_TESTABILITY = YES;
				GCC_C_LANGUAGE_STANDARD = gnu11;
				GCC_DYNAMIC_NO_PIC = NO;
				GCC_NO_COMMON_BLOCKS = YES;
				GCC_OPTIMIZATION_LEVEL = 0;
				GCC_PREPROCESSOR_DEFINITIONS = (
					"DEBUG=1",
					"$(inherited)",
				);
				GCC_WARN_64_TO_32_BIT_CONVERSION = YES;
				GCC_WARN_ABOUT_RETURN_TYPE = YES_ERROR;
				GCC_WARN_UNDECLARED_SELECTOR = YES;
				GCC_WARN_UNINITIALIZED_AUTOS = YES_AGGRESSIVE;
				GCC_WARN_UNUSED_FUNCTION = YES;
				GCC_WARN_UNUSED_VARIABLE = YES;
				IPHONEOS_DEPLOYMENT_TARGET = 11.0;
				MTL_ENABLE_DEBUG_INFO = YES;
				ONLY_ACTIVE_ARCH = YES;
				SDKROOT = iphoneos;
				SWIFT_ACTIVE_COMPILATION_CONDITIONS = DEBUG;
				SWIFT_OPTIMIZATION_LEVEL = "-Onone";
			};
			name = Debug;
		};
		615A56681FA6ADFD00ACFA97 /* Release */ = {
			isa = XCBuildConfiguration;
			buildSettings = {
				ALWAYS_SEARCH_USER_PATHS = NO;
				CLANG_ANALYZER_NONNULL = YES;
				CLANG_ANALYZER_NUMBER_OBJECT_CONVERSION = YES_AGGRESSIVE;
				CLANG_CXX_LANGUAGE_STANDARD = "gnu++14";
				CLANG_CXX_LIBRARY = "libc++";
				CLANG_ENABLE_MODULES = YES;
				CLANG_ENABLE_OBJC_ARC = YES;
				CLANG_WARN_BLOCK_CAPTURE_AUTORELEASING = YES;
				CLANG_WARN_BOOL_CONVERSION = YES;
				CLANG_WARN_COMMA = YES;
				CLANG_WARN_CONSTANT_CONVERSION = YES;
				CLANG_WARN_DIRECT_OBJC_ISA_USAGE = YES_ERROR;
				CLANG_WARN_DOCUMENTATION_COMMENTS = YES;
				CLANG_WARN_EMPTY_BODY = YES;
				CLANG_WARN_ENUM_CONVERSION = YES;
				CLANG_WARN_INFINITE_RECURSION = YES;
				CLANG_WARN_INT_CONVERSION = YES;
				CLANG_WARN_NON_LITERAL_NULL_CONVERSION = YES;
				CLANG_WARN_OBJC_LITERAL_CONVERSION = YES;
				CLANG_WARN_OBJC_ROOT_CLASS = YES_ERROR;
				CLANG_WARN_RANGE_LOOP_ANALYSIS = YES;
				CLANG_WARN_STRICT_PROTOTYPES = YES;
				CLANG_WARN_SUSPICIOUS_MOVE = YES;
				CLANG_WARN_UNGUARDED_AVAILABILITY = YES_AGGRESSIVE;
				CLANG_WARN_UNREACHABLE_CODE = YES;
				CLANG_WARN__DUPLICATE_METHOD_MATCH = YES;
				CODE_SIGN_IDENTITY = "iPhone Developer";
				COPY_PHASE_STRIP = NO;
				DEBUG_INFORMATION_FORMAT = "dwarf-with-dsym";
				ENABLE_NS_ASSERTIONS = NO;
				ENABLE_STRICT_OBJC_MSGSEND = YES;
				GCC_C_LANGUAGE_STANDARD = gnu11;
				GCC_NO_COMMON_BLOCKS = YES;
				GCC_WARN_64_TO_32_BIT_CONVERSION = YES;
				GCC_WARN_ABOUT_RETURN_TYPE = YES_ERROR;
				GCC_WARN_UNDECLARED_SELECTOR = YES;
				GCC_WARN_UNINITIALIZED_AUTOS = YES_AGGRESSIVE;
				GCC_WARN_UNUSED_FUNCTION = YES;
				GCC_WARN_UNUSED_VARIABLE = YES;
				IPHONEOS_DEPLOYMENT_TARGET = 11.0;
				MTL_ENABLE_DEBUG_INFO = NO;
				SDKROOT = iphoneos;
				SWIFT_OPTIMIZATION_LEVEL = "-Owholemodule";
				VALIDATE_PRODUCT = YES;
			};
			name = Release;
		};
		615A566A1FA6ADFD00ACFA97 /* Debug */ = {
			isa = XCBuildConfiguration;
			buildSettings = {
				ASSETCATALOG_COMPILER_APPICON_NAME = AppIcon;
				CODE_SIGN_STYLE = Automatic;
				DEVELOPMENT_TEAM = K2LCGLW7X7;
				INFOPLIST_FILE = foo/Info.plist;
				LD_RUNPATH_SEARCH_PATHS = "$(inherited) @executable_path/Frameworks";
				PRODUCT_BUNDLE_IDENTIFIER = "jp.brosk.-.foo";
				PRODUCT_NAME = "$(TARGET_NAME)";
				SWIFT_VERSION = 4.0;
				TARGETED_DEVICE_FAMILY = "1,2";
			};
			name = Debug;
		};
		615A566B1FA6ADFD00ACFA97 /* Release */ = {
			isa = XCBuildConfiguration;
			buildSettings = {
				ASSETCATALOG_COMPILER_APPICON_NAME = AppIcon;
				CODE_SIGN_STYLE = Automatic;
				DEVELOPMENT_TEAM = K2LCGLW7X7;
				INFOPLIST_FILE = foo/Info.plist;
				LD_RUNPATH_SEARCH_PATHS = "$(inherited) @executable_path/Frameworks";
				PRODUCT_BUNDLE_IDENTIFIER = "jp.brosk.-.foo";
				PRODUCT_NAME = "$(TARGET_NAME)";
				SWIFT_VERSION = 4.0;
				TARGETED_DEVICE_FAMILY = "1,2";
			};
			name = Release;
		};
/* End XCBuildConfiguration section */

/* Begin XCConfigurationList section */
		615A56501FA6ADFD00ACFA97 /* Build configuration list for PBXProject "foo" */ = {
			isa = XCConfigurationList;
			buildConfigurations = (
				615A56671FA6ADFD00ACFA97 /* Debug */,
				615A56681FA6ADFD00ACFA97 /* Release */,
			);
			defaultConfigurationIsVisible = 0;
			defaultConfigurationName = Release;
		};
		615A56691FA6ADFD00ACFA97 /* Build configuration list for PBXNativeTarget "foo" */ = {
			isa = XCConfigurationList;
			buildConfigurations = (
				615A566A1FA6ADFD00ACFA97 /* Debug */,
				615A566B1FA6ADFD00ACFA97 /* Release */,
			);
			defaultConfigurationIsVisible = 0;
			defaultConfigurationName = Release;
		};
/* End XCConfigurationList section */
	};
	rootObject = 615A564D1FA6ADFD00ACFA97 /* Project object */;
}
